
Microsoft Visual Studio Solution File, Format Version 12.00
# Visual Studio Version 17
VisualStudioVersion = 17.14.36616.10 d17.14
MinimumVisualStudioVersion = 10.0.40219.1
Project("{FAE04EC0-301F-11D3-BF4B-00C04F79EFBC}") = "traobang.be", "traobang.be.csproj", "{9DC7D67E-F10B-46BF-9CBD-47FD41CCA5AE}"
EndProject
Project("{FAE04EC0-301F-11D3-BF4B-00C04F79EFBC}") = "traobang.be.application", "..\traobang.be.Application\traobang.be.application.csproj", "{A9C1CA5B-A5B2-434A-B9E8-9A9D93EE5CF2}"
EndProject
Project("{FAE04EC0-301F-11D3-BF4B-00C04F79EFBC}") = "traobang.be.domain", "..\traobang.be.domain\traobang.be.domain.csproj", "{F05325A0-5F9D-4611-823D-2B78AF41FD10}"
EndProject
Project("{FAE04EC0-301F-11D3-BF4B-00C04F79EFBC}") = "traobang.be.infrastructure.data", "..\traobang.be.infrastructure.data\traobang.be.infrastructure.data.csproj", "{14F212B2-19F8-49A1-992C-55F2EF9B7C4E}"
EndProject
Project("{FAE04EC0-301F-11D3-BF4B-00C04F79EFBC}") = "traobang.be.infrastructure.external", "..\traobang.be.infrastructure.external\traobang.be.infrastructure.external.csproj", "{7BE3C2DA-88D1-4E77-8C81-540E28DF6174}"
EndProject
Project("{FAE04EC0-301F-11D3-BF4B-00C04F79EFBC}") = "traobang.be.shared", "..\traobang.be.shared\traobang.be.shared.csproj", "{2BE16260-21C9-48A9-95E3-9CEBA2F181CB}"
EndProject
Global
	GlobalSection(SolutionConfigurationPlatforms) = preSolution
		Debug|Any CPU = Debug|Any CPU
		Release|Any CPU = Release|Any CPU
	EndGlobalSection
	GlobalSection(ProjectConfigurationPlatforms) = postSolution
		{9DC7D67E-F10B-46BF-9CBD-47FD41CCA5AE}.Debug|Any CPU.ActiveCfg = Debug|Any CPU
		{9DC7D67E-F10B-46BF-9CBD-47FD41CCA5AE}.Debug|Any CPU.Build.0 = Debug|Any CPU
		{9DC7D67E-F10B-46BF-9CBD-47FD41CCA5AE}.Release|Any CPU.ActiveCfg = Release|Any CPU
		{9DC7D67E-F10B-46BF-9CBD-47FD41CCA5AE}.Release|Any CPU.Build.0 = Release|Any CPU
		{A9C1CA5B-A5B2-434A-B9E8-9A9D93EE5CF2}.Debug|Any CPU.ActiveCfg = Debug|Any CPU
		{A9C1CA5B-A5B2-434A-B9E8-9A9D93EE5CF2}.Debug|Any CPU.Build.0 = Debug|Any CPU
		{A9C1CA5B-A5B2-434A-B9E8-9A9D93EE5CF2}.Release|Any CPU.ActiveCfg = Release|Any CPU
		{A9C1CA5B-A5B2-434A-B9E8-9A9D93EE5CF2}.Release|Any CPU.Build.0 = Release|Any CPU
		{F05325A0-5F9D-4611-823D-2B78AF41FD10}.Debug|Any CPU.ActiveCfg = Debug|Any CPU
		{F05325A0-5F9D-4611-823D-2B78AF41FD10}.Debug|Any CPU.Build.0 = Debug|Any CPU
		{F05325A0-5F9D-4611-823D-2B78AF41FD10}.Release|Any CPU.ActiveCfg = Release|Any CPU
		{F05325A0-5F9D-4611-823D-2B78AF41FD10}.Release|Any CPU.Build.0 = Release|Any CPU
		{14F212B2-19F8-49A1-992C-55F2EF9B7C4E}.Debug|Any CPU.ActiveCfg = Debug|Any CPU
		{14F212B2-19F8-49A1-992C-55F2EF9B7C4E}.Debug|Any CPU.Build.0 = Debug|Any CPU
		{14F212B2-19F8-49A1-992C-55F2EF9B7C4E}.Release|Any CPU.ActiveCfg = Release|Any CPU
		{14F212B2-19F8-49A1-992C-55F2EF9B7C4E}.Release|Any CPU.Build.0 = Release|Any CPU
		{7BE3C2DA-88D1-4E77-8C81-540E28DF6174}.Debug|Any CPU.ActiveCfg = Debug|Any CPU
		{7BE3C2DA-88D1-4E77-8C81-540E28DF6174}.Debug|Any CPU.Build.0 = Debug|Any CPU
		{7BE3C2DA-88D1-4E77-8C81-540E28DF6174}.Release|Any CPU.ActiveCfg = Release|Any CPU
		{7BE3C2DA-88D1-4E77-8C81-540E28DF6174}.Release|Any CPU.Build.0 = Release|Any CPU
		{2BE16260-21C9-48A9-95E3-9CEBA2F181CB}.Debug|Any CPU.ActiveCfg = Debug|Any CPU
		{2BE16260-21C9-48A9-95E3-9CEBA2F181CB}.Debug|Any CPU.Build.0 = Debug|Any CPU
		{2BE16260-21C9-48A9-95E3-9CEBA2F181CB}.Release|Any CPU.ActiveCfg = Release|Any CPU
		{2BE16260-21C9-48A9-95E3-9CEBA2F181CB}.Release|Any CPU.Build.0 = Release|Any CPU
	EndGlobalSection
	GlobalSection(SolutionProperties) = preSolution
		HideSolutionNode = FALSE
	EndGlobalSection
	GlobalSection(ExtensibilityGlobals) = postSolution
		SolutionGuid = {E43B95DC-D69B-4B01-A895-5491FBFA2D12}
	EndGlobalSection
EndGlobal
